
Microsoft Visual Studio Solution File, Format Version 12.00
# Visual Studio 14
VisualStudioVersion = 14.0.25420.1
MinimumVisualStudioVersion = 10.0.40219.1
Project("{8BC9CEB8-8B4A-11D0-8D11-00A0C91BC942}") = "2.1ThreadDemo", "ThreadDemo\ThreadDemo.vcxproj", "{1504138A-B28A-4996-B75A-FDBE98F41A7E}"
EndProject
Project("{8BC9CEB8-8B4A-11D0-8D11-00A0C91BC942}") = "1.1IOCPServerDemo", "IOCPServerDemo\IOCPServerDemo.vcxproj", "{F495263E-A12A-448E-98E9-86285BF0E333}"
EndProject
Project("{8BC9CEB8-8B4A-11D0-8D11-00A0C91BC942}") = "1.2.1IOCPSuperServerDemo", "IOCPSuperServerDemo\IOCPSuperServerDemo.vcxproj", "{797FE132-5E8D-4705-B8EE-512BABF99ED4}"
EndProject
Project("{8BC9CEB8-8B4A-11D0-8D11-00A0C91BC942}") = "1.2.2IOCPClientDemo", "IOCPClientDemo\IOCPClientDemo.vcxproj", "{C19F0E4F-808E-423B-8964-A1BF873C17FA}"
EndProject
Project("{8BC9CEB8-8B4A-11D0-8D11-00A0C91BC942}") = "3.1VirtualMemoryDemo", "VirtualMemoryDemo\VirtualMemoryDemo.vcxproj", "{675B5412-F37D-4B97-A509-4189A5FF80F0}"
EndProject
Project("{8BC9CEB8-8B4A-11D0-8D11-00A0C91BC942}") = "3.2FileMappingDemo", "FileMappingDemo\FileMappingDemo.vcxproj", "{F766340F-24B2-464B-B15E-17FDEA813D46}"
EndProject
Project("{8BC9CEB8-8B4A-11D0-8D11-00A0C91BC942}") = "3.3HeapAllocDemo", "HeapAllocDemo\HeapAllocDemo.vcxproj", "{4C30F27B-9E72-4D18-A225-52C131E7925D}"
EndProject
Project("{8BC9CEB8-8B4A-11D0-8D11-00A0C91BC942}") = "4.1dllexportDemo", "dllexportDemo\dllexportDemo.vcxproj", "{09E84DE8-8FAB-480B-9820-9157CB830053}"
EndProject
Project("{8BC9CEB8-8B4A-11D0-8D11-00A0C91BC942}") = "5.1ATLDll", "ATLDll\ATLDll.vcxproj", "{D9704E9C-9971-4764-AF30-154629F9479C}"
EndProject
Project("{8BC9CEB8-8B4A-11D0-8D11-00A0C91BC942}") = "5.2ATLDllPS", "ATLDll\ATLDllPS.vcxproj", "{39F5FF39-0981-4CF7-9E68-B1523D3717CF}"
	ProjectSection(ProjectDependencies) = postProject
		{D9704E9C-9971-4764-AF30-154629F9479C} = {D9704E9C-9971-4764-AF30-154629F9479C}
	EndProjectSection
EndProject
Project("{FAE04EC0-301F-11D3-BF4B-00C04F79EFBC}") = "5.3ATLTest", "ATLTest\5.3ATLTest.csproj", "{F49DDF38-11A3-4656-A55D-38FE6954AE62}"
EndProject
Global
	GlobalSection(SolutionConfigurationPlatforms) = preSolution
		Debug|Any CPU = Debug|Any CPU
		Debug|x64 = Debug|x64
		Debug|x86 = Debug|x86
		Release|Any CPU = Release|Any CPU
		Release|x64 = Release|x64
		Release|x86 = Release|x86
	EndGlobalSection
	GlobalSection(ProjectConfigurationPlatforms) = postSolution
		{1504138A-B28A-4996-B75A-FDBE98F41A7E}.Debug|Any CPU.ActiveCfg = Debug|Win32
		{1504138A-B28A-4996-B75A-FDBE98F41A7E}.Debug|x64.ActiveCfg = Debug|x64
		{1504138A-B28A-4996-B75A-FDBE98F41A7E}.Debug|x64.Build.0 = Debug|x64
		{1504138A-B28A-4996-B75A-FDBE98F41A7E}.Debug|x86.ActiveCfg = Debug|Win32
		{1504138A-B28A-4996-B75A-FDBE98F41A7E}.Debug|x86.Build.0 = Debug|Win32
		{1504138A-B28A-4996-B75A-FDBE98F41A7E}.Release|Any CPU.ActiveCfg = Release|Win32
		{1504138A-B28A-4996-B75A-FDBE98F41A7E}.Release|x64.ActiveCfg = Release|x64
		{1504138A-B28A-4996-B75A-FDBE98F41A7E}.Release|x64.Build.0 = Release|x64
		{1504138A-B28A-4996-B75A-FDBE98F41A7E}.Release|x86.ActiveCfg = Release|Win32
		{1504138A-B28A-4996-B75A-FDBE98F41A7E}.Release|x86.Build.0 = Release|Win32
		{F495263E-A12A-448E-98E9-86285BF0E333}.Debug|Any CPU.ActiveCfg = Debug|Win32
		{F495263E-A12A-448E-98E9-86285BF0E333}.Debug|x64.ActiveCfg = Debug|x64
		{F495263E-A12A-448E-98E9-86285BF0E333}.Debug|x64.Build.0 = Debug|x64
		{F495263E-A12A-448E-98E9-86285BF0E333}.Debug|x86.ActiveCfg = Debug|Win32
		{F495263E-A12A-448E-98E9-86285BF0E333}.Debug|x86.Build.0 = Debug|Win32
		{F495263E-A12A-448E-98E9-86285BF0E333}.Release|Any CPU.ActiveCfg = Release|Win32
		{F495263E-A12A-448E-98E9-86285BF0E333}.Release|x64.ActiveCfg = Release|x64
		{F495263E-A12A-448E-98E9-86285BF0E333}.Release|x64.Build.0 = Release|x64
		{F495263E-A12A-448E-98E9-86285BF0E333}.Release|x86.ActiveCfg = Release|Win32
		{F495263E-A12A-448E-98E9-86285BF0E333}.Release|x86.Build.0 = Release|Win32
		{797FE132-5E8D-4705-B8EE-512BABF99ED4}.Debug|Any CPU.ActiveCfg = Debug|Win32
		{797FE132-5E8D-4705-B8EE-512BABF99ED4}.Debug|x64.ActiveCfg = Debug|x64
		{797FE132-5E8D-4705-B8EE-512BABF99ED4}.Debug|x64.Build.0 = Debug|x64
		{797FE132-5E8D-4705-B8EE-512BABF99ED4}.Debug|x86.ActiveCfg = Debug|Win32
		{797FE132-5E8D-4705-B8EE-512BABF99ED4}.Debug|x86.Build.0 = Debug|Win32
		{797FE132-5E8D-4705-B8EE-512BABF99ED4}.Release|Any CPU.ActiveCfg = Release|Win32
		{797FE132-5E8D-4705-B8EE-512BABF99ED4}.Release|x64.ActiveCfg = Release|x64
		{797FE132-5E8D-4705-B8EE-512BABF99ED4}.Release|x64.Build.0 = Release|x64
		{797FE132-5E8D-4705-B8EE-512BABF99ED4}.Release|x86.ActiveCfg = Release|Win32
		{797FE132-5E8D-4705-B8EE-512BABF99ED4}.Release|x86.Build.0 = Release|Win32
		{C19F0E4F-808E-423B-8964-A1BF873C17FA}.Debug|Any CPU.ActiveCfg = Debug|Win32
		{C19F0E4F-808E-423B-8964-A1BF873C17FA}.Debug|x64.ActiveCfg = Debug|x64
		{C19F0E4F-808E-423B-8964-A1BF873C17FA}.Debug|x64.Build.0 = Debug|x64
		{C19F0E4F-808E-423B-8964-A1BF873C17FA}.Debug|x86.ActiveCfg = Debug|Win32
		{C19F0E4F-808E-423B-8964-A1BF873C17FA}.Debug|x86.Build.0 = Debug|Win32
		{C19F0E4F-808E-423B-8964-A1BF873C17FA}.Release|Any CPU.ActiveCfg = Release|Win32
		{C19F0E4F-808E-423B-8964-A1BF873C17FA}.Release|x64.ActiveCfg = Release|x64
		{C19F0E4F-808E-423B-8964-A1BF873C17FA}.Release|x64.Build.0 = Release|x64
		{C19F0E4F-808E-423B-8964-A1BF873C17FA}.Release|x86.ActiveCfg = Release|Win32
		{C19F0E4F-808E-423B-8964-A1BF873C17FA}.Release|x86.Build.0 = Release|Win32
		{675B5412-F37D-4B97-A509-4189A5FF80F0}.Debug|Any CPU.ActiveCfg = Debug|Win32
		{675B5412-F37D-4B97-A509-4189A5FF80F0}.Debug|x64.ActiveCfg = Debug|x64
		{675B5412-F37D-4B97-A509-4189A5FF80F0}.Debug|x64.Build.0 = Debug|x64
		{675B5412-F37D-4B97-A509-4189A5FF80F0}.Debug|x86.ActiveCfg = Debug|Win32
		{675B5412-F37D-4B97-A509-4189A5FF80F0}.Debug|x86.Build.0 = Debug|Win32
		{675B5412-F37D-4B97-A509-4189A5FF80F0}.Release|Any CPU.ActiveCfg = Release|Win32
		{675B5412-F37D-4B97-A509-4189A5FF80F0}.Release|x64.ActiveCfg = Release|x64
		{675B5412-F37D-4B97-A509-4189A5FF80F0}.Release|x64.Build.0 = Release|x64
		{675B5412-F37D-4B97-A509-4189A5FF80F0}.Release|x86.ActiveCfg = Release|Win32
		{675B5412-F37D-4B97-A509-4189A5FF80F0}.Release|x86.Build.0 = Release|Win32
		{F766340F-24B2-464B-B15E-17FDEA813D46}.Debug|Any CPU.ActiveCfg = Debug|Win32
		{F766340F-24B2-464B-B15E-17FDEA813D46}.Debug|x64.ActiveCfg = Debug|x64
		{F766340F-24B2-464B-B15E-17FDEA813D46}.Debug|x64.Build.0 = Debug|x64
		{F766340F-24B2-464B-B15E-17FDEA813D46}.Debug|x86.ActiveCfg = Debug|Win32
		{F766340F-24B2-464B-B15E-17FDEA813D46}.Debug|x86.Build.0 = Debug|Win32
		{F766340F-24B2-464B-B15E-17FDEA813D46}.Release|Any CPU.ActiveCfg = Release|Win32
		{F766340F-24B2-464B-B15E-17FDEA813D46}.Release|x64.ActiveCfg = Release|x64
		{F766340F-24B2-464B-B15E-17FDEA813D46}.Release|x64.Build.0 = Release|x64
		{F766340F-24B2-464B-B15E-17FDEA813D46}.Release|x86.ActiveCfg = Release|Win32
		{F766340F-24B2-464B-B15E-17FDEA813D46}.Release|x86.Build.0 = Release|Win32
		{4C30F27B-9E72-4D18-A225-52C131E7925D}.Debug|Any CPU.ActiveCfg = Debug|Win32
		{4C30F27B-9E72-4D18-A225-52C131E7925D}.Debug|x64.ActiveCfg = Debug|x64
		{4C30F27B-9E72-4D18-A225-52C131E7925D}.Debug|x64.Build.0 = Debug|x64
		{4C30F27B-9E72-4D18-A225-52C131E7925D}.Debug|x86.ActiveCfg = Debug|Win32
		{4C30F27B-9E72-4D18-A225-52C131E7925D}.Debug|x86.Build.0 = Debug|Win32
		{4C30F27B-9E72-4D18-A225-52C131E7925D}.Release|Any CPU.ActiveCfg = Release|Win32
		{4C30F27B-9E72-4D18-A225-52C131E7925D}.Release|x64.ActiveCfg = Release|x64
		{4C30F27B-9E72-4D18-A225-52C131E7925D}.Release|x64.Build.0 = Release|x64
		{4C30F27B-9E72-4D18-A225-52C131E7925D}.Release|x86.ActiveCfg = Release|Win32
		{4C30F27B-9E72-4D18-A225-52C131E7925D}.Release|x86.Build.0 = Release|Win32
		{09E84DE8-8FAB-480B-9820-9157CB830053}.Debug|Any CPU.ActiveCfg = Debug|Win32
		{09E84DE8-8FAB-480B-9820-9157CB830053}.Debug|x64.ActiveCfg = Debug|x64
		{09E84DE8-8FAB-480B-9820-9157CB830053}.Debug|x64.Build.0 = Debug|x64
		{09E84DE8-8FAB-480B-9820-9157CB830053}.Debug|x86.ActiveCfg = Debug|Win32
		{09E84DE8-8FAB-480B-9820-9157CB830053}.Debug|x86.Build.0 = Debug|Win32
		{09E84DE8-8FAB-480B-9820-9157CB830053}.Release|Any CPU.ActiveCfg = Release|Win32
		{09E84DE8-8FAB-480B-9820-9157CB830053}.Release|x64.ActiveCfg = Release|x64
		{09E84DE8-8FAB-480B-9820-9157CB830053}.Release|x64.Build.0 = Release|x64
		{09E84DE8-8FAB-480B-9820-9157CB830053}.Release|x86.ActiveCfg = Release|Win32
		{09E84DE8-8FAB-480B-9820-9157CB830053}.Release|x86.Build.0 = Release|Win32
		{D9704E9C-9971-4764-AF30-154629F9479C}.Debug|Any CPU.ActiveCfg = Debug|Win32
		{D9704E9C-9971-4764-AF30-154629F9479C}.Debug|x64.ActiveCfg = Debug|x64
		{D9704E9C-9971-4764-AF30-154629F9479C}.Debug|x64.Build.0 = Debug|x64
		{D9704E9C-9971-4764-AF30-154629F9479C}.Debug|x86.ActiveCfg = Debug|Win32
		{D9704E9C-9971-4764-AF30-154629F9479C}.Debug|x86.Build.0 = Debug|Win32
		{D9704E9C-9971-4764-AF30-154629F9479C}.Release|Any CPU.ActiveCfg = Release|Win32
		{D9704E9C-9971-4764-AF30-154629F9479C}.Release|x64.ActiveCfg = Release|x64
		{D9704E9C-9971-4764-AF30-154629F9479C}.Release|x64.Build.0 = Release|x64
		{D9704E9C-9971-4764-AF30-154629F9479C}.Release|x86.ActiveCfg = Release|Win32
		{D9704E9C-9971-4764-AF30-154629F9479C}.Release|x86.Build.0 = Release|Win32
		{39F5FF39-0981-4CF7-9E68-B1523D3717CF}.Debug|Any CPU.ActiveCfg = Debug|Win32
		{39F5FF39-0981-4CF7-9E68-B1523D3717CF}.Debug|x64.ActiveCfg = Debug|x64
		{39F5FF39-0981-4CF7-9E68-B1523D3717CF}.Debug|x86.ActiveCfg = Debug|Win32
		{39F5FF39-0981-4CF7-9E68-B1523D3717CF}.Release|Any CPU.ActiveCfg = Release|Win32
		{39F5FF39-0981-4CF7-9E68-B1523D3717CF}.Release|x64.ActiveCfg = Release|x64
		{39F5FF39-0981-4CF7-9E68-B1523D3717CF}.Release|x86.ActiveCfg = Release|Win32
		{F49DDF38-11A3-4656-A55D-38FE6954AE62}.Debug|Any CPU.ActiveCfg = Debug|Any CPU
		{F49DDF38-11A3-4656-A55D-38FE6954AE62}.Debug|Any CPU.Build.0 = Debug|Any CPU
		{F49DDF38-11A3-4656-A55D-38FE6954AE62}.Debug|x64.ActiveCfg = Debug|Any CPU
		{F49DDF38-11A3-4656-A55D-38FE6954AE62}.Debug|x64.Build.0 = Debug|Any CPU
		{F49DDF38-11A3-4656-A55D-38FE6954AE62}.Debug|x86.ActiveCfg = Debug|Any CPU
		{F49DDF38-11A3-4656-A55D-38FE6954AE62}.Debug|x86.Build.0 = Debug|Any CPU
		{F49DDF38-11A3-4656-A55D-38FE6954AE62}.Release|Any CPU.ActiveCfg = Release|Any CPU
		{F49DDF38-11A3-4656-A55D-38FE6954AE62}.Release|Any CPU.Build.0 = Release|Any CPU
		{F49DDF38-11A3-4656-A55D-38FE6954AE62}.Release|x64.ActiveCfg = Release|Any CPU
		{F49DDF38-11A3-4656-A55D-38FE6954AE62}.Release|x64.Build.0 = Release|Any CPU
		{F49DDF38-11A3-4656-A55D-38FE6954AE62}.Release|x86.ActiveCfg = Release|Any CPU
		{F49DDF38-11A3-4656-A55D-38FE6954AE62}.Release|x86.Build.0 = Release|Any CPU
	EndGlobalSection
	GlobalSection(SolutionProperties) = preSolution
		HideSolutionNode = FALSE
	EndGlobalSection
EndGlobal
