
Microsoft Visual Studio Solution File, Format Version 12.00
# Visual Studio 14
VisualStudioVersion = 14.0.25420.1
MinimumVisualStudioVersion = 10.0.40219.1
Project("{8BC9CEB8-8B4A-11D0-8D11-00A0C91BC942}") = "ThreadDemo", "ThreadDemo\ThreadDemo.vcxproj", "{1504138A-B28A-4996-B75A-FDBE98F41A7E}"
EndProject
Project("{8BC9CEB8-8B4A-11D0-8D11-00A0C91BC942}") = "IOCPServerDemo", "IOCPServerDemo\IOCPServerDemo.vcxproj", "{F495263E-A12A-448E-98E9-86285BF0E333}"
EndProject
Project("{8BC9CEB8-8B4A-11D0-8D11-00A0C91BC942}") = "IOCPSuperServerDemo", "IOCPSuperServerDemo\IOCPSuperServerDemo.vcxproj", "{797FE132-5E8D-4705-B8EE-512BABF99ED4}"
EndProject
Project("{8BC9CEB8-8B4A-11D0-8D11-00A0C91BC942}") = "IOCPClientDemo", "IOCPClientDemo\IOCPClientDemo.vcxproj", "{C19F0E4F-808E-423B-8964-A1BF873C17FA}"
EndProject
Project("{8BC9CEB8-8B4A-11D0-8D11-00A0C91BC942}") = "VirtualMemoryDemo", "VirtualMemoryDemo\VirtualMemoryDemo.vcxproj", "{675B5412-F37D-4B97-A509-4189A5FF80F0}"
EndProject
Global
	GlobalSection(SolutionConfigurationPlatforms) = preSolution
		Debug|x64 = Debug|x64
		Debug|x86 = Debug|x86
		Release|x64 = Release|x64
		Release|x86 = Release|x86
	EndGlobalSection
	GlobalSection(ProjectConfigurationPlatforms) = postSolution
		{1504138A-B28A-4996-B75A-FDBE98F41A7E}.Debug|x64.ActiveCfg = Debug|x64
		{1504138A-B28A-4996-B75A-FDBE98F41A7E}.Debug|x64.Build.0 = Debug|x64
		{1504138A-B28A-4996-B75A-FDBE98F41A7E}.Debug|x86.ActiveCfg = Debug|Win32
		{1504138A-B28A-4996-B75A-FDBE98F41A7E}.Debug|x86.Build.0 = Debug|Win32
		{1504138A-B28A-4996-B75A-FDBE98F41A7E}.Release|x64.ActiveCfg = Release|x64
		{1504138A-B28A-4996-B75A-FDBE98F41A7E}.Release|x64.Build.0 = Release|x64
		{1504138A-B28A-4996-B75A-FDBE98F41A7E}.Release|x86.ActiveCfg = Release|Win32
		{1504138A-B28A-4996-B75A-FDBE98F41A7E}.Release|x86.Build.0 = Release|Win32
		{F495263E-A12A-448E-98E9-86285BF0E333}.Debug|x64.ActiveCfg = Debug|x64
		{F495263E-A12A-448E-98E9-86285BF0E333}.Debug|x64.Build.0 = Debug|x64
		{F495263E-A12A-448E-98E9-86285BF0E333}.Debug|x86.ActiveCfg = Debug|Win32
		{F495263E-A12A-448E-98E9-86285BF0E333}.Debug|x86.Build.0 = Debug|Win32
		{F495263E-A12A-448E-98E9-86285BF0E333}.Release|x64.ActiveCfg = Release|x64
		{F495263E-A12A-448E-98E9-86285BF0E333}.Release|x64.Build.0 = Release|x64
		{F495263E-A12A-448E-98E9-86285BF0E333}.Release|x86.ActiveCfg = Release|Win32
		{F495263E-A12A-448E-98E9-86285BF0E333}.Release|x86.Build.0 = Release|Win32
		{797FE132-5E8D-4705-B8EE-512BABF99ED4}.Debug|x64.ActiveCfg = Debug|x64
		{797FE132-5E8D-4705-B8EE-512BABF99ED4}.Debug|x64.Build.0 = Debug|x64
		{797FE132-5E8D-4705-B8EE-512BABF99ED4}.Debug|x86.ActiveCfg = Debug|Win32
		{797FE132-5E8D-4705-B8EE-512BABF99ED4}.Debug|x86.Build.0 = Debug|Win32
		{797FE132-5E8D-4705-B8EE-512BABF99ED4}.Release|x64.ActiveCfg = Release|x64
		{797FE132-5E8D-4705-B8EE-512BABF99ED4}.Release|x64.Build.0 = Release|x64
		{797FE132-5E8D-4705-B8EE-512BABF99ED4}.Release|x86.ActiveCfg = Release|Win32
		{797FE132-5E8D-4705-B8EE-512BABF99ED4}.Release|x86.Build.0 = Release|Win32
		{C19F0E4F-808E-423B-8964-A1BF873C17FA}.Debug|x64.ActiveCfg = Debug|x64
		{C19F0E4F-808E-423B-8964-A1BF873C17FA}.Debug|x64.Build.0 = Debug|x64
		{C19F0E4F-808E-423B-8964-A1BF873C17FA}.Debug|x86.ActiveCfg = Debug|Win32
		{C19F0E4F-808E-423B-8964-A1BF873C17FA}.Debug|x86.Build.0 = Debug|Win32
		{C19F0E4F-808E-423B-8964-A1BF873C17FA}.Release|x64.ActiveCfg = Release|x64
		{C19F0E4F-808E-423B-8964-A1BF873C17FA}.Release|x64.Build.0 = Release|x64
		{C19F0E4F-808E-423B-8964-A1BF873C17FA}.Release|x86.ActiveCfg = Release|Win32
		{C19F0E4F-808E-423B-8964-A1BF873C17FA}.Release|x86.Build.0 = Release|Win32
		{675B5412-F37D-4B97-A509-4189A5FF80F0}.Debug|x64.ActiveCfg = Debug|x64
		{675B5412-F37D-4B97-A509-4189A5FF80F0}.Debug|x64.Build.0 = Debug|x64
		{675B5412-F37D-4B97-A509-4189A5FF80F0}.Debug|x86.ActiveCfg = Debug|Win32
		{675B5412-F37D-4B97-A509-4189A5FF80F0}.Debug|x86.Build.0 = Debug|Win32
		{675B5412-F37D-4B97-A509-4189A5FF80F0}.Release|x64.ActiveCfg = Release|x64
		{675B5412-F37D-4B97-A509-4189A5FF80F0}.Release|x64.Build.0 = Release|x64
		{675B5412-F37D-4B97-A509-4189A5FF80F0}.Release|x86.ActiveCfg = Release|Win32
		{675B5412-F37D-4B97-A509-4189A5FF80F0}.Release|x86.Build.0 = Release|Win32
	EndGlobalSection
	GlobalSection(SolutionProperties) = preSolution
		HideSolutionNode = FALSE
	EndGlobalSection
EndGlobal
